
Microsoft Visual Studio Solution File, Format Version 12.00
# Visual Studio Version 17
VisualStudioVersion = 17.5.33627.172
MinimumVisualStudioVersion = 10.0.40219.1
Project("{FAE04EC0-301F-11D3-BF4B-00C04F79EFBC}") = "WindowsScheduleService", "WindowsScheduleService\WindowsScheduleService.csproj", "{A1F87266-5B96-438A-8A9F-B1619E3465E9}"
EndProject
Global
	GlobalSection(SolutionConfigurationPlatforms) = preSolution
		Debug|Any CPU = Debug|Any CPU
		Release|Any CPU = Release|Any CPU
	EndGlobalSection
	GlobalSection(ProjectConfigurationPlatforms) = postSolution
		{A1F87266-5B96-438A-8A9F-B1619E3465E9}.Debug|Any CPU.ActiveCfg = Debug|Any CPU
		{A1F87266-5B96-438A-8A9F-B1619E3465E9}.Debug|Any CPU.Build.0 = Debug|Any CPU
		{A1F87266-5B96-438A-8A9F-B1619E3465E9}.Release|Any CPU.ActiveCfg = Release|Any CPU
		{A1F87266-5B96-438A-8A9F-B1619E3465E9}.Release|Any CPU.Build.0 = Release|Any CPU
	EndGlobalSection
	GlobalSection(SolutionProperties) = preSolution
		HideSolutionNode = FALSE
	EndGlobalSection
	GlobalSection(ExtensibilityGlobals) = postSolution
		SolutionGuid = {DA7FA3C2-B6C9-49BF-AEAA-BF248C54645B}
	EndGlobalSection
EndGlobal
